{
  "name": "umineko-spanish",
  "version": "1.0.0",
  "lockfileVersion": 2,
  "requires": true,
  "packages": {
    "": {
      "name": "umineko-spanish",
      "version": "1.0.0",
      "license": "ISC",
      "dependencies": {
        "google-translate-api-x": "^10.6.4"
      }
    },
    "node_modules/google-translate-api-x": {
      "version": "10.6.4",
      "resolved": "https://registry.npmjs.org/google-translate-api-x/-/google-translate-api-x-10.6.4.tgz",
      "integrity": "sha512-Nv80M5OtuqN+hXgr5TdMms9Smlagu3jTK1GIcn25QWmDx/hyHSnGhIUsc55c4S/e28VUBzccdBUVL1vaQlryBg==",
      "engines": {
        "node": ">=14.0.0"
      }
    }
  },
  "dependencies": {
    "google-translate-api-x": {
      "version": "10.6.4",
      "resolved": "https://registry.npmjs.org/google-translate-api-x/-/google-translate-api-x-10.6.4.tgz",
      "integrity": "sha512-Nv80M5OtuqN+hXgr5TdMms9Smlagu3jTK1GIcn25QWmDx/hyHSnGhIUsc55c4S/e28VUBzccdBUVL1vaQlryBg=="
    }
  }
}
